# This is a Gradle generated file for dependency locking.
# Manual edits can break the build and are not advised.
# This file is expected to be part of source control.
com.amazonaws:aws-java-sdk-core:1.11.294=testCompileClasspath,testRuntimeClasspath
com.amazonaws:aws-java-sdk-kms:1.11.294=testCompileClasspath,testRuntimeClasspath
com.amazonaws:aws-java-sdk-s3:1.11.294=testCompileClasspath,testRuntimeClasspath
com.amazonaws:jmespath-java:1.11.294=testCompileClasspath,testRuntimeClasspath
com.diffplug.spotless:spotless-lib-extra:2.29.0=compileClasspath
com.diffplug.spotless:spotless-lib:2.29.0=compileClasspath
com.diffplug.spotless:spotless-plugin-gradle:6.10.0=compileClasspath
com.fasterxml.jackson.core:jackson-annotations:2.14.2=compileClasspath,runtimeClasspath,testCompileClasspath,testRuntimeClasspath
com.fasterxml.jackson.core:jackson-core:2.14.2=compileClasspath,runtimeClasspath,testCompileClasspath,testRuntimeClasspath
com.fasterxml.jackson.core:jackson-databind:2.14.2=compileClasspath,runtimeClasspath,testCompileClasspath,testRuntimeClasspath
com.fasterxml.jackson.dataformat:jackson-dataformat-cbor:2.14.2=testCompileClasspath,testRuntimeClasspath
com.fasterxml.jackson:jackson-bom:2.14.2=compileClasspath,runtimeClasspath,testCompileClasspath,testRuntimeClasspath
com.github.pathikrit:better-files_2.13:3.9.1=testCompileClasspath,testRuntimeClasspath
com.github.spotbugs:spotbugs-annotations:4.7.3=spotbugs
com.github.spotbugs:spotbugs:4.7.3=spotbugs
com.google.code.findbugs:jsr305:3.0.2=compileClasspath,spotbugs
com.google.code.gson:gson:2.9.1=spotbugs
com.google.errorprone:error_prone_annotations:2.21.1=compileClasspath
com.google.googlejavaformat:google-java-format:1.19.2=compileClasspath
com.google.guava:failureaccess:1.0.1=compileClasspath
com.google.guava:guava:21.0=testCompileClasspath,testRuntimeClasspath
com.google.guava:guava:32.1.3-jre=compileClasspath
com.google.guava:listenablefuture:9999.0-empty-to-avoid-conflict-with-guava=compileClasspath
com.google.j2objc:j2objc-annotations:2.8=compileClasspath
com.typesafe.akka:akka-actor_2.13:2.5.31=testCompileClasspath,testRuntimeClasspath
com.typesafe.akka:akka-http-core_2.13:10.1.12=testCompileClasspath,testRuntimeClasspath
com.typesafe.akka:akka-http_2.13:10.1.12=testCompileClasspath,testRuntimeClasspath
com.typesafe.akka:akka-parsing_2.13:10.1.12=testCompileClasspath,testRuntimeClasspath
com.typesafe.akka:akka-protobuf_2.13:2.5.31=testCompileClasspath,testRuntimeClasspath
com.typesafe.akka:akka-stream_2.13:2.5.31=testCompileClasspath,testRuntimeClasspath
com.typesafe.scala-logging:scala-logging_2.13:3.9.2=testCompileClasspath,testRuntimeClasspath
com.typesafe:config:1.3.3=testCompileClasspath,testRuntimeClasspath
com.typesafe:ssl-config-core_2.13:0.3.8=testCompileClasspath,testRuntimeClasspath
commons-codec:commons-codec:1.10=testCompileClasspath
commons-codec:commons-codec:1.15=runtimeClasspath,spotbugs,testRuntimeClasspath
commons-io:commons-io:2.15.1=compileClasspath,runtimeClasspath,testCompileClasspath,testRuntimeClasspath
commons-logging:commons-logging:1.2=runtimeClasspath,testCompileClasspath,testRuntimeClasspath
io.findify:s3mock_2.13:0.2.6=testCompileClasspath,testRuntimeClasspath
io.netty:netty-buffer:4.1.100.Final=runtimeClasspath,testRuntimeClasspath
io.netty:netty-codec-http2:4.1.100.Final=runtimeClasspath,testRuntimeClasspath
io.netty:netty-codec-http:4.1.100.Final=runtimeClasspath,testRuntimeClasspath
io.netty:netty-codec:4.1.100.Final=runtimeClasspath,testRuntimeClasspath
io.netty:netty-common:4.1.100.Final=runtimeClasspath,testRuntimeClasspath
io.netty:netty-handler:4.1.100.Final=runtimeClasspath,testRuntimeClasspath
io.netty:netty-resolver:4.1.100.Final=runtimeClasspath,testRuntimeClasspath
io.netty:netty-transport-classes-epoll:4.1.100.Final=runtimeClasspath,testRuntimeClasspath
io.netty:netty-transport-native-unix-common:4.1.100.Final=runtimeClasspath,testRuntimeClasspath
io.netty:netty-transport:4.1.100.Final=runtimeClasspath,testRuntimeClasspath
javax.activation:javax.activation-api:1.2.0=testCompileClasspath,testRuntimeClasspath
javax.xml.bind:jaxb-api:2.3.1=testCompileClasspath,testRuntimeClasspath
jaxen:jaxen:1.2.0=spotbugs
joda-time:joda-time:2.8.1=testCompileClasspath,testRuntimeClasspath
net.jcip:jcip-annotations:1.0=spotbugs
net.sf.saxon:Saxon-HE:11.4=spotbugs
org.apache.avro:avro-compiler:1.11.3=compileClasspath,runtimeClasspath,testCompileClasspath,testRuntimeClasspath
org.apache.avro:avro:1.11.3=compileClasspath,runtimeClasspath,testCompileClasspath,testRuntimeClasspath
org.apache.bcel:bcel:6.6.1=spotbugs
org.apache.commons:commons-compress:1.26.0=compileClasspath,runtimeClasspath,testCompileClasspath,testRuntimeClasspath
org.apache.commons:commons-lang3:3.12.0=spotbugs
org.apache.commons:commons-lang3:3.14.0=compileClasspath,runtimeClasspath,testCompileClasspath,testRuntimeClasspath
org.apache.commons:commons-text:1.10.0=compileClasspath,runtimeClasspath,spotbugs,testCompileClasspath,testRuntimeClasspath
org.apache.httpcomponents.client5:httpclient5:5.1.3=spotbugs
org.apache.httpcomponents.core5:httpcore5-h2:5.1.3=spotbugs
org.apache.httpcomponents.core5:httpcore5:5.1.3=spotbugs
org.apache.httpcomponents:httpclient:4.5.13=runtimeClasspath,testRuntimeClasspath
org.apache.httpcomponents:httpclient:4.5.5=testCompileClasspath
org.apache.httpcomponents:httpcore:4.4.13=runtimeClasspath,testRuntimeClasspath
org.apache.httpcomponents:httpcore:4.4.9=testCompileClasspath
org.apache.logging.log4j:log4j-api:2.19.0=spotbugs
org.apache.logging.log4j:log4j-core:2.19.0=spotbugs
org.apache.velocity:velocity-engine-core:2.3=compileClasspath,runtimeClasspath,testCompileClasspath,testRuntimeClasspath
org.apiguardian:apiguardian-api:1.1.2=testCompileClasspath
org.checkerframework:checker-qual:3.37.0=compileClasspath
org.dom4j:dom4j:2.1.3=spotbugs
org.eclipse.jdt:ecj:3.36.0=testCompileClasspath,testRuntimeClasspath
org.eclipse.jdt:org.eclipse.jdt.core:3.36.0=testCompileClasspath,testRuntimeClasspath
org.eclipse.jdt:org.eclipse.jdt.debug:3.21.200=testCompileClasspath,testRuntimeClasspath
org.eclipse.jdt:org.eclipse.jdt.launching:3.10.0=testCompileClasspath,testRuntimeClasspath
org.eclipse.platform:org.eclipse.core.commands:3.11.100=testCompileClasspath,testRuntimeClasspath
org.eclipse.platform:org.eclipse.core.contenttype:3.9.200=testCompileClasspath,testRuntimeClasspath
org.eclipse.platform:org.eclipse.core.expressions:3.9.200=testCompileClasspath,testRuntimeClasspath
org.eclipse.platform:org.eclipse.core.filesystem:1.10.200=testCompileClasspath,testRuntimeClasspath
org.eclipse.platform:org.eclipse.core.jobs:3.15.100=testCompileClasspath,testRuntimeClasspath
org.eclipse.platform:org.eclipse.core.resources:3.20.0=testCompileClasspath,testRuntimeClasspath
org.eclipse.platform:org.eclipse.core.runtime:3.30.0=testCompileClasspath,testRuntimeClasspath
org.eclipse.platform:org.eclipse.core.variables:3.6.200=testCompileClasspath,testRuntimeClasspath
org.eclipse.platform:org.eclipse.debug.core:3.21.200=testCompileClasspath,testRuntimeClasspath
org.eclipse.platform:org.eclipse.equinox.app:1.6.400=testCompileClasspath,testRuntimeClasspath
org.eclipse.platform:org.eclipse.equinox.common:3.18.200=testCompileClasspath,testRuntimeClasspath
org.eclipse.platform:org.eclipse.equinox.preferences:3.10.400=testCompileClasspath,testRuntimeClasspath
org.eclipse.platform:org.eclipse.equinox.registry:3.11.400=testCompileClasspath,testRuntimeClasspath
org.eclipse.platform:org.eclipse.osgi:3.18.600=testCompileClasspath,testRuntimeClasspath
org.eclipse.platform:org.eclipse.text:3.13.100=testCompileClasspath,testRuntimeClasspath
org.iq80.leveldb:leveldb-api:0.12=testCompileClasspath,testRuntimeClasspath
org.iq80.leveldb:leveldb:0.12=testCompileClasspath,testRuntimeClasspath
org.jacoco:org.jacoco.agent:0.8.8=jacocoAgent,jacocoAnt
org.jacoco:org.jacoco.ant:0.8.8=jacocoAnt
org.jacoco:org.jacoco.core:0.8.8=jacocoAnt
org.jacoco:org.jacoco.report:0.8.8=jacocoAnt
org.junit.jupiter:junit-jupiter-api:5.9.2=testCompileClasspath,testRuntimeClasspath
org.junit.jupiter:junit-jupiter-engine:5.9.2=testRuntimeClasspath
org.junit.jupiter:junit-jupiter-params:5.9.2=testCompileClasspath,testRuntimeClasspath
org.junit.jupiter:junit-jupiter:5.9.2=testCompileClasspath,testRuntimeClasspath
org.junit.platform:junit-platform-commons:1.9.2=testCompileClasspath,testRuntimeClasspath
org.junit.platform:junit-platform-engine:1.9.2=testRuntimeClasspath
org.junit:junit-bom:5.9.1=spotbugs
org.junit:junit-bom:5.9.2=testCompileClasspath,testRuntimeClasspath
org.opentest4j:opentest4j:1.2.0=testCompileClasspath,testRuntimeClasspath
org.osgi:org.osgi.service.prefs:1.1.2=testCompileClasspath,testRuntimeClasspath
org.osgi:osgi.annotation:8.0.1=testCompileClasspath,testRuntimeClasspath
org.ow2.asm:asm-analysis:9.2=jacocoAnt
org.ow2.asm:asm-analysis:9.4=spotbugs
org.ow2.asm:asm-commons:9.2=jacocoAnt
org.ow2.asm:asm-commons:9.4=spotbugs
org.ow2.asm:asm-tree:9.2=jacocoAnt
org.ow2.asm:asm-tree:9.4=spotbugs
org.ow2.asm:asm-util:9.4=spotbugs
org.ow2.asm:asm:9.2=jacocoAnt
org.ow2.asm:asm:9.4=spotbugs
org.reactivestreams:reactive-streams:1.0.4=compileClasspath,runtimeClasspath,testCompileClasspath,testRuntimeClasspath
org.scala-lang.modules:scala-collection-compat_2.13:2.1.6=testCompileClasspath,testRuntimeClasspath
org.scala-lang.modules:scala-java8-compat_2.13:0.9.0=testCompileClasspath,testRuntimeClasspath
org.scala-lang.modules:scala-parser-combinators_2.13:1.1.2=testCompileClasspath,testRuntimeClasspath
org.scala-lang.modules:scala-xml_2.13:1.3.0=testCompileClasspath,testRuntimeClasspath
org.scala-lang:scala-library:2.13.2=testCompileClasspath,testRuntimeClasspath
org.scala-lang:scala-reflect:2.13.0=testCompileClasspath,testRuntimeClasspath
org.slf4j:slf4j-api:1.7.36=compileClasspath,runtimeClasspath,testCompileClasspath,testRuntimeClasspath
org.slf4j:slf4j-api:2.0.0=spotbugs,spotbugsSlf4j
org.slf4j:slf4j-simple:2.0.0=spotbugsSlf4j
org.xmlresolver:xmlresolver:4.4.3=spotbugs
software.amazon.awssdk:annotations:2.23.8=compileClasspath,runtimeClasspath,testCompileClasspath,testRuntimeClasspath
software.amazon.awssdk:apache-client:2.23.8=runtimeClasspath,testRuntimeClasspath
software.amazon.awssdk:arns:2.23.8=compileClasspath,runtimeClasspath,testCompileClasspath,testRuntimeClasspath
software.amazon.awssdk:auth:2.23.8=compileClasspath,runtimeClasspath,testCompileClasspath,testRuntimeClasspath
software.amazon.awssdk:aws-core:2.23.8=compileClasspath,runtimeClasspath,testCompileClasspath,testRuntimeClasspath
software.amazon.awssdk:aws-query-protocol:2.23.8=compileClasspath,runtimeClasspath,testCompileClasspath,testRuntimeClasspath
software.amazon.awssdk:aws-xml-protocol:2.23.8=compileClasspath,runtimeClasspath,testCompileClasspath,testRuntimeClasspath
software.amazon.awssdk:bom:2.23.8=compileClasspath,runtimeClasspath,testCompileClasspath,testRuntimeClasspath
software.amazon.awssdk:checksums-spi:2.23.8=compileClasspath,runtimeClasspath,testCompileClasspath,testRuntimeClasspath
software.amazon.awssdk:checksums:2.23.8=compileClasspath,runtimeClasspath,testCompileClasspath,testRuntimeClasspath
software.amazon.awssdk:crt-core:2.23.8=compileClasspath,runtimeClasspath,testCompileClasspath,testRuntimeClasspath
software.amazon.awssdk:endpoints-spi:2.23.8=compileClasspath,runtimeClasspath,testCompileClasspath,testRuntimeClasspath
software.amazon.awssdk:http-auth-aws:2.23.8=compileClasspath,runtimeClasspath,testCompileClasspath,testRuntimeClasspath
software.amazon.awssdk:http-auth-spi:2.23.8=compileClasspath,runtimeClasspath,testCompileClasspath,testRuntimeClasspath
software.amazon.awssdk:http-auth:2.23.8=compileClasspath,runtimeClasspath,testCompileClasspath,testRuntimeClasspath
software.amazon.awssdk:http-client-spi:2.23.8=compileClasspath,runtimeClasspath,testCompileClasspath,testRuntimeClasspath
software.amazon.awssdk:identity-spi:2.23.8=compileClasspath,runtimeClasspath,testCompileClasspath,testRuntimeClasspath
software.amazon.awssdk:json-utils:2.23.8=compileClasspath,runtimeClasspath,testCompileClasspath,testRuntimeClasspath
software.amazon.awssdk:metrics-spi:2.23.8=compileClasspath,runtimeClasspath,testCompileClasspath,testRuntimeClasspath
software.amazon.awssdk:netty-nio-client:2.23.8=runtimeClasspath,testRuntimeClasspath
software.amazon.awssdk:profiles:2.23.8=compileClasspath,runtimeClasspath,testCompileClasspath,testRuntimeClasspath
software.amazon.awssdk:protocol-core:2.23.8=compileClasspath,runtimeClasspath,testCompileClasspath,testRuntimeClasspath
software.amazon.awssdk:regions:2.23.8=compileClasspath,runtimeClasspath,testCompileClasspath,testRuntimeClasspath
software.amazon.awssdk:s3:2.23.8=compileClasspath,runtimeClasspath,testCompileClasspath,testRuntimeClasspath
software.amazon.awssdk:sdk-core:2.23.8=compileClasspath,runtimeClasspath,testCompileClasspath,testRuntimeClasspath
software.amazon.awssdk:third-party-jackson-core:2.23.8=compileClasspath,runtimeClasspath,testCompileClasspath,testRuntimeClasspath
software.amazon.awssdk:utils:2.23.8=compileClasspath,runtimeClasspath,testCompileClasspath,testRuntimeClasspath
software.amazon.eventstream:eventstream:1.0.1=compileClasspath,runtimeClasspath,testCompileClasspath,testRuntimeClasspath
software.amazon.ion:ion-java:1.0.2=testCompileClasspath,testRuntimeClasspath
xml-apis:xml-apis:1.4.01=spotbugs
empty=annotationProcessor,spotbugsPlugins,testAnnotationProcessor
